{
  "name": "weather-insurance-contract",
  "version": "0.0.1",
  "lockfileVersion": 3,
  "requires": true,
  "packages": {
    "": {
      "name": "weather-insurance-contract",
      "version": "0.0.1",
      "license": "Apache-2.0",
      "dependencies": {
        "@opendatafabric/contracts": "^0.1.6"
      },
      "devDependencies": {
        "forge-std": "github:foundry-rs/forge-std#v1.8.1"
      }
    },
    "node_modules/@opendatafabric/contracts": {
      "version": "0.1.6",
      "resolved": "https://registry.npmjs.org/@opendatafabric/contracts/-/contracts-0.1.6.tgz",
      "integrity": "sha512-/RP/V+vLwIORcJdBabbB8jPaBwdiu/H9yUzwMbUZP482387Q9Htw/rTBd1VOC8opIsGmEEvsskvMRjwCjYgghA==",
      "dependencies": {
        "@openzeppelin/contracts": "^5.0.1"
      }
    },
    "node_modules/@openzeppelin/contracts": {
      "version": "5.0.2",
      "resolved": "https://registry.npmjs.org/@openzeppelin/contracts/-/contracts-5.0.2.tgz",
      "integrity": "sha512-ytPc6eLGcHHnapAZ9S+5qsdomhjo6QBHTDRRBFfTxXIpsicMhVPouPgmUPebZZZGX7vt9USA+Z+0M0dSVtSUEA=="
    },
    "node_modules/forge-std": {
      "version": "1.7.6",
      "resolved": "git+ssh://git@github.com/foundry-rs/forge-std.git#bb4ceea94d6f10eeb5b41dc2391c6c8bf8e734ef",
      "dev": true
    }
  }
}
